
Microsoft Visual Studio Solution File, Format Version 12.00
# Visual Studio Version 17
VisualStudioVersion = 17.14.36518.9 d17.14
MinimumVisualStudioVersion = 10.0.40219.1
Project("{FAE04EC0-301F-11D3-BF4B-00C04F79EFBC}") = "QuanLyThuVien", "QuanLyThuVien\QuanLyThuVien.csproj", "{9776E922-F5BC-4A67-8EE7-AE435BDA5EB2}"
EndProject
Global
	GlobalSection(SolutionConfigurationPlatforms) = preSolution
		Debug|Any CPU = Debug|Any CPU
		Release|Any CPU = Release|Any CPU
	EndGlobalSection
	GlobalSection(ProjectConfigurationPlatforms) = postSolution
		{9776E922-F5BC-4A67-8EE7-AE435BDA5EB2}.Debug|Any CPU.ActiveCfg = Debug|Any CPU
		{9776E922-F5BC-4A67-8EE7-AE435BDA5EB2}.Debug|Any CPU.Build.0 = Debug|Any CPU
		{9776E922-F5BC-4A67-8EE7-AE435BDA5EB2}.Release|Any CPU.ActiveCfg = Release|Any CPU
		{9776E922-F5BC-4A67-8EE7-AE435BDA5EB2}.Release|Any CPU.Build.0 = Release|Any CPU
	EndGlobalSection
	GlobalSection(SolutionProperties) = preSolution
		HideSolutionNode = FALSE
	EndGlobalSection
	GlobalSection(ExtensibilityGlobals) = postSolution
		SolutionGuid = {36343447-0A4B-4724-B25A-ABF617E159D3}
	EndGlobalSection
EndGlobal
